
Microsoft Visual Studio Solution File, Format Version 12.00
# Visual Studio Version 17
VisualStudioVersion = 17.11.35219.272
MinimumVisualStudioVersion = 10.0.40219.1
Project("{FAE04EC0-301F-11D3-BF4B-00C04F79EFBC}") = "NidVerification", "NidVerification\NidVerification.csproj", "{A54CB253-40FA-4A9A-A781-F6F5947B65AD}"
EndProject
Global
	GlobalSection(SolutionConfigurationPlatforms) = preSolution
		Debug|Any CPU = Debug|Any CPU
		Release|Any CPU = Release|Any CPU
	EndGlobalSection
	GlobalSection(ProjectConfigurationPlatforms) = postSolution
		{A54CB253-40FA-4A9A-A781-F6F5947B65AD}.Debug|Any CPU.ActiveCfg = Debug|Any CPU
		{A54CB253-40FA-4A9A-A781-F6F5947B65AD}.Debug|Any CPU.Build.0 = Debug|Any CPU
		{A54CB253-40FA-4A9A-A781-F6F5947B65AD}.Release|Any CPU.ActiveCfg = Release|Any CPU
		{A54CB253-40FA-4A9A-A781-F6F5947B65AD}.Release|Any CPU.Build.0 = Release|Any CPU
	EndGlobalSection
	GlobalSection(SolutionProperties) = preSolution
		HideSolutionNode = FALSE
	EndGlobalSection
	GlobalSection(ExtensibilityGlobals) = postSolution
		SolutionGuid = {2AE55996-E5A5-4261-A3F1-644471848B63}
	EndGlobalSection
EndGlobal
